
Microsoft Visual Studio Solution File, Format Version 12.00
# Visual Studio 15
VisualStudioVersion = 15.0.28307.1062
MinimumVisualStudioVersion = 10.0.40219.1
Project("{8BC9CEB8-8B4A-11D0-8D11-00A0C91BC942}") = "CarNumberAndSpeed", "CarNumberAndSpeed\CarNumberAndSpeed.vcxproj", "{CBD3CDCF-F0B6-44AF-96E1-D237E06BFA69}"
EndProject
Global
	GlobalSection(SolutionConfigurationPlatforms) = preSolution
		Debug|x64 = Debug|x64
		Debug|x86 = Debug|x86
		Release|x64 = Release|x64
		Release|x86 = Release|x86
	EndGlobalSection
	GlobalSection(ProjectConfigurationPlatforms) = postSolution
		{CBD3CDCF-F0B6-44AF-96E1-D237E06BFA69}.Debug|x64.ActiveCfg = Debug|x64
		{CBD3CDCF-F0B6-44AF-96E1-D237E06BFA69}.Debug|x64.Build.0 = Debug|x64
		{CBD3CDCF-F0B6-44AF-96E1-D237E06BFA69}.Debug|x86.ActiveCfg = Debug|Win32
		{CBD3CDCF-F0B6-44AF-96E1-D237E06BFA69}.Debug|x86.Build.0 = Debug|Win32
		{CBD3CDCF-F0B6-44AF-96E1-D237E06BFA69}.Release|x64.ActiveCfg = Release|x64
		{CBD3CDCF-F0B6-44AF-96E1-D237E06BFA69}.Release|x64.Build.0 = Release|x64
		{CBD3CDCF-F0B6-44AF-96E1-D237E06BFA69}.Release|x86.ActiveCfg = Release|Win32
		{CBD3CDCF-F0B6-44AF-96E1-D237E06BFA69}.Release|x86.Build.0 = Release|Win32
	EndGlobalSection
	GlobalSection(SolutionProperties) = preSolution
		HideSolutionNode = FALSE
	EndGlobalSection
	GlobalSection(ExtensibilityGlobals) = postSolution
		SolutionGuid = {072B8031-F7A6-4858-935F-ED7FDCA09DC1}
	EndGlobalSection
EndGlobal
